<?xml version="1.0" encoding="utf-8"?>
<Project ToolsVersion="4.0" xmlns="http://schemas.microsoft.com/developer/msbuild/2003">
  <ItemGroup>
    <Filter Include="Source Files">
      <UniqueIdentifier>{4FC737F1-C7A5-4376-A066-2A32D752A2FF}</UniqueIdentifier>
      <Extensions>cpp;c;cc;cxx;def;odl;idl;hpj;bat;asm;asmx</Extensions>
    </Filter>
    <Filter Include="Header Files">
      <UniqueIdentifier>{93995380-89BD-4b04-88EB-625FBE52EBFB}</UniqueIdentifier>
      <Extensions>h;hpp;hxx;hm;inl;inc;xsd</Extensions>
    </Filter>
    <Filter Include="Resource Files">
      <UniqueIdentifier>{67DA6AB6-F800-4c08-8B7A-83BB121AAD01}</UniqueIdentifier>
      <Extensions>rc;ico;cur;bmp;dlg;rc2;rct;bin;rgs;gif;jpg;jpeg;jpe;resx;tiff;tif;png;wav;mfcribbon-ms</Extensions>
    </Filter>
    <Filter Include="thread_specific">
      <UniqueIdentifier>{0238758d-554e-4d00-ba10-384ee8bc9e17}</UniqueIdentifier>
    </Filter>
  </ItemGroup>
  <ItemGroup>
    <Text Include="ReadMe.txt" />
  </ItemGroup>
  <ItemGroup>
    <ClInclude Include="stdafx.h">
      <Filter>Header Files</Filter>
    </ClInclude>
    <ClInclude Include="targetver.h">
      <Filter>Header Files</Filter>
    </ClInclude>
    <ClInclude Include="Logger.h">
      <Filter>Header Files</Filter>
    </ClInclude>
    <ClInclude Include="sync.h">
      <Filter>Header Files</Filter>
    </ClInclude>
    <ClInclude Include="ui_specific\thread_with_winfow.h">
      <Filter>thread_specific</Filter>
    </ClInclude>
    <ClInclude Include="ui_specific\message_queue.h">
      <Filter>thread_specific</Filter>
    </ClInclude>
    <ClInclude Include="ui_specific\all_messages.h">
      <Filter>thread_specific</Filter>
    </ClInclude>
    <ClInclude Include="resource.h">
      <Filter>Header Files</Filter>
    </ClInclude>
    <ClInclude Include="ui_specific\GdiObject.h">
      <Filter>Header Files</Filter>
    </ClInclude>
    <ClInclude Include="ui_specific\DrawingDialog.h">
      <Filter>thread_specific</Filter>
    </ClInclude>
    <ClInclude Include="constants.h">
      <Filter>Header Files</Filter>
    </ClInclude>
    <ClInclude Include="Parameter_Parser.h">
      <Filter>Header Files</Filter>
    </ClInclude>
    <ClInclude Include="ui_specific\DrawField.h">
      <Filter>thread_specific</Filter>
    </ClInclude>
    <ClInclude Include="ui_specific\DrawBuffer.h">
      <Filter>thread_specific</Filter>
    </ClInclude>
    <ClInclude Include="ui_specific\AxisSelector.h">
      <Filter>thread_specific</Filter>
    </ClInclude>
    <ClInclude Include="MyButton.h">
      <Filter>Header Files</Filter>
    </ClInclude>
  </ItemGroup>
  <ItemGroup>
    <ClCompile Include="stdafx.cpp">
      <Filter>Source Files</Filter>
    </ClCompile>
    <ClCompile Include="ThrowingTheBall.cpp">
      <Filter>Source Files</Filter>
    </ClCompile>
    <ClCompile Include="Logger.cpp">
      <Filter>Source Files</Filter>
    </ClCompile>
    <ClCompile Include="sync.cpp">
      <Filter>Source Files</Filter>
    </ClCompile>
    <ClCompile Include="ui_specific\thread_with_winfow.cpp">
      <Filter>thread_specific</Filter>
    </ClCompile>
    <ClCompile Include="ui_specific\message_queue.cpp">
      <Filter>thread_specific</Filter>
    </ClCompile>
    <ClCompile Include="ui_specific\all_messages.cpp">
      <Filter>thread_specific</Filter>
    </ClCompile>
    <ClCompile Include="ui_specific\GdiObject.cpp">
      <Filter>Source Files</Filter>
    </ClCompile>
    <ClCompile Include="ui_specific\DrawingDialog.cpp">
      <Filter>thread_specific</Filter>
    </ClCompile>
    <ClCompile Include="Parameter_Parser.cpp">
      <Filter>Source Files</Filter>
    </ClCompile>
    <ClCompile Include="ui_specific\DrawField.cpp">
      <Filter>thread_specific</Filter>
    </ClCompile>
    <ClCompile Include="ui_specific\DrawBuffer.cpp">
      <Filter>thread_specific</Filter>
    </ClCompile>
    <ClCompile Include="ui_specific\AxisSelector.cpp">
      <Filter>thread_specific</Filter>
    </ClCompile>
    <ClCompile Include="MyButton.cpp">
      <Filter>Source Files</Filter>
    </ClCompile>
  </ItemGroup>
  <ItemGroup>
    <ResourceCompile Include="ThrowingTheBall.rc">
      <Filter>Resource Files</Filter>
    </ResourceCompile>
  </ItemGroup>
  <ItemGroup>
    <Image Include="icon48.ico">
      <Filter>Resource Files</Filter>
    </Image>
  </ItemGroup>
</Project>