
Microsoft Visual Studio Solution File, Format Version 12.00
# Visual Studio 2012
Project("{8BC9CEB8-8B4A-11D0-8D11-00A0C91BC942}") = "ThrowingTheBall", "ThrowingTheBall.vcxproj", "{9DD6A06E-434B-4395-B132-1E784C4F187F}"
	ProjectSection(ProjectDependencies) = postProject
		{B1DED94C-44A1-4814-A8FD-C509FE07A67C} = {B1DED94C-44A1-4814-A8FD-C509FE07A67C}
	EndProjectSection
EndProject
Project("{8BC9CEB8-8B4A-11D0-8D11-00A0C91BC942}") = "MotionLogicLib", "MotionLogicLib\MotionLogicLib.vcxproj", "{B1DED94C-44A1-4814-A8FD-C509FE07A67C}"
EndProject
Global
	GlobalSection(SolutionConfigurationPlatforms) = preSolution
		Debug|Win32 = Debug|Win32
		Release|Win32 = Release|Win32
	EndGlobalSection
	GlobalSection(ProjectConfigurationPlatforms) = postSolution
		{9DD6A06E-434B-4395-B132-1E784C4F187F}.Debug|Win32.ActiveCfg = Debug|Win32
		{9DD6A06E-434B-4395-B132-1E784C4F187F}.Debug|Win32.Build.0 = Debug|Win32
		{9DD6A06E-434B-4395-B132-1E784C4F187F}.Release|Win32.ActiveCfg = Release|Win32
		{9DD6A06E-434B-4395-B132-1E784C4F187F}.Release|Win32.Build.0 = Release|Win32
		{B1DED94C-44A1-4814-A8FD-C509FE07A67C}.Debug|Win32.ActiveCfg = Debug|Win32
		{B1DED94C-44A1-4814-A8FD-C509FE07A67C}.Debug|Win32.Build.0 = Debug|Win32
		{B1DED94C-44A1-4814-A8FD-C509FE07A67C}.Release|Win32.ActiveCfg = Release|Win32
		{B1DED94C-44A1-4814-A8FD-C509FE07A67C}.Release|Win32.Build.0 = Release|Win32
	EndGlobalSection
	GlobalSection(SolutionProperties) = preSolution
		HideSolutionNode = FALSE
	EndGlobalSection
EndGlobal
